
Microsoft Visual Studio Solution File, Format Version 12.00
# Visual Studio Version 17
VisualStudioVersion = 17.5.33530.505
MinimumVisualStudioVersion = 10.0.40219.1
Project("{FAE04EC0-301F-11D3-BF4B-00C04F79EFBC}") = "mvcbookstore", "mvcbookstore\mvcbookstore.csproj", "{31E2A435-CC12-44CD-A74B-7B61E22DCCA1}"
EndProject
Global
	GlobalSection(SolutionConfigurationPlatforms) = preSolution
		Debug|Any CPU = Debug|Any CPU
		Release|Any CPU = Release|Any CPU
	EndGlobalSection
	GlobalSection(ProjectConfigurationPlatforms) = postSolution
		{31E2A435-CC12-44CD-A74B-7B61E22DCCA1}.Debug|Any CPU.ActiveCfg = Debug|Any CPU
		{31E2A435-CC12-44CD-A74B-7B61E22DCCA1}.Debug|Any CPU.Build.0 = Debug|Any CPU
		{31E2A435-CC12-44CD-A74B-7B61E22DCCA1}.Release|Any CPU.ActiveCfg = Release|Any CPU
		{31E2A435-CC12-44CD-A74B-7B61E22DCCA1}.Release|Any CPU.Build.0 = Release|Any CPU
	EndGlobalSection
	GlobalSection(SolutionProperties) = preSolution
		HideSolutionNode = FALSE
	EndGlobalSection
	GlobalSection(ExtensibilityGlobals) = postSolution
		SolutionGuid = {EBCCD0C4-3507-413B-A339-169DA1B0B971}
	EndGlobalSection
EndGlobal
